
Microsoft Visual Studio Solution File, Format Version 12.00
# Visual Studio Version 16
VisualStudioVersion = 16.0.31624.102
MinimumVisualStudioVersion = 10.0.40219.1
Project("{FAE04EC0-301F-11D3-BF4B-00C04F79EFBC}") = "CHRobinsonInterviewApp", "CHRobinsonInterviewApp\CHRobinsonInterviewApp.csproj", "{6C8D94D8-E55B-4E46-906C-28B167D7E7B7}"
EndProject
Global
	GlobalSection(SolutionConfigurationPlatforms) = preSolution
		Debug|Any CPU = Debug|Any CPU
		Release|Any CPU = Release|Any CPU
	EndGlobalSection
	GlobalSection(ProjectConfigurationPlatforms) = postSolution
		{6C8D94D8-E55B-4E46-906C-28B167D7E7B7}.Debug|Any CPU.ActiveCfg = Debug|Any CPU
		{6C8D94D8-E55B-4E46-906C-28B167D7E7B7}.Debug|Any CPU.Build.0 = Debug|Any CPU
		{6C8D94D8-E55B-4E46-906C-28B167D7E7B7}.Release|Any CPU.ActiveCfg = Release|Any CPU
		{6C8D94D8-E55B-4E46-906C-28B167D7E7B7}.Release|Any CPU.Build.0 = Release|Any CPU
	EndGlobalSection
	GlobalSection(SolutionProperties) = preSolution
		HideSolutionNode = FALSE
	EndGlobalSection
	GlobalSection(ExtensibilityGlobals) = postSolution
		SolutionGuid = {505B47AF-DF68-4865-B80F-59ECA7938238}
	EndGlobalSection
EndGlobal
